// !$*UTF8*$!
{
	archiveVersion = 1;
	classes = {
	};
	objectVersion = 51;
	objects = {

/* Begin PBXBuildFile section */
		58FC228FFCDC80664AC39103 /* Pods_Sample_App.framework in Frameworks */ = {isa = PBXBuildFile; fileRef = C7D68C1EC28969BF8C1FA495 /* Pods_Sample_App.framework */; };
		E08731D4251D20D6008D696F /* AppDelegate.swift in Sources */ = {isa = PBXBuildFile; fileRef = E08731D3251D20D6008D696F /* AppDelegate.swift */; };
		E08731D6251D20D6008D696F /* SceneDelegate.swift in Sources */ = {isa = PBXBuildFile; fileRef = E08731D5251D20D6008D696F /* SceneDelegate.swift */; };
		E08731DD251D20D8008D696F /* Assets.xcassets in Resources */ = {isa = PBXBuildFile; fileRef = E08731DC251D20D8008D696F /* Assets.xcassets */; };
		E08731E0251D20D8008D696F /* Preview Assets.xcassets in Resources */ = {isa = PBXBuildFile; fileRef = E08731DF251D20D8008D696F /* Preview Assets.xcassets */; };
		E08731E3251D20D8008D696F /* LaunchScreen.storyboard in Resources */ = {isa = PBXBuildFile; fileRef = E08731E1251D20D8008D696F /* LaunchScreen.storyboard */; };
		E0B19A29252F58B000C935D1 /* ModelManager.swift in Sources */ = {isa = PBXBuildFile; fileRef = E0B19A28252F58B000C935D1 /* ModelManager.swift */; };
		E0B19A2B253604DA00C935D1 /* NetworkManager.swift in Sources */ = {isa = PBXBuildFile; fileRef = E0B19A2A253604DA00C935D1 /* NetworkManager.swift */; };
		E0B19A2D2537665A00C935D1 /* MarvelService.swift in Sources */ = {isa = PBXBuildFile; fileRef = E0B19A2C2537665A00C935D1 /* MarvelService.swift */; };
		E0B19A2F25376C5100C935D1 /* APIHelper.swift in Sources */ = {isa = PBXBuildFile; fileRef = E0B19A2E25376C5100C935D1 /* APIHelper.swift */; };
		E0B19A32253895D500C935D1 /* MarvelModel.xcdatamodeld in Sources */ = {isa = PBXBuildFile; fileRef = E0B19A30253895D500C935D1 /* MarvelModel.xcdatamodeld */; };
		E0B19A342538996100C935D1 /* MarvelResponseViewModel.swift in Sources */ = {isa = PBXBuildFile; fileRef = E0B19A332538996100C935D1 /* MarvelResponseViewModel.swift */; };
		E0B19A362538998400C935D1 /* MarvelViewController.swift in Sources */ = {isa = PBXBuildFile; fileRef = E0B19A352538998400C935D1 /* MarvelViewController.swift */; };
		E0B19A382538C1EA00C935D1 /* APIHelper.swift in Sources */ = {isa = PBXBuildFile; fileRef = E0B19A372538C1EA00C935D1 /* APIHelper.swift */; };
/* End PBXBuildFile section */

/* Begin PBXFileReference section */
		00A45010547044179F40E3C5 /* Pods-Sample-App.release.xcconfig */ = {isa = PBXFileReference; includeInIndex = 1; lastKnownFileType = text.xcconfig; name = "Pods-Sample-App.release.xcconfig"; path = "Target Support Files/Pods-Sample-App/Pods-Sample-App.release.xcconfig"; sourceTree = "<group>"; };
		BFEE2FEFF7752B4A4038713A /* Pods-Sample-App.debug.xcconfig */ = {isa = PBXFileReference; includeInIndex = 1; lastKnownFileType = text.xcconfig; name = "Pods-Sample-App.debug.xcconfig"; path = "Target Support Files/Pods-Sample-App/Pods-Sample-App.debug.xcconfig"; sourceTree = "<group>"; };
		C7D68C1EC28969BF8C1FA495 /* Pods_Sample_App.framework */ = {isa = PBXFileReference; explicitFileType = wrapper.framework; includeInIndex = 0; path = Pods_Sample_App.framework; sourceTree = BUILT_PRODUCTS_DIR; };
		E08731D0251D20D6008D696F /* Sample-App.app */ = {isa = PBXFileReference; explicitFileType = wrapper.application; includeInIndex = 0; path = "Sample-App.app"; sourceTree = BUILT_PRODUCTS_DIR; };
		E08731D3251D20D6008D696F /* AppDelegate.swift */ = {isa = PBXFileReference; lastKnownFileType = sourcecode.swift; path = AppDelegate.swift; sourceTree = "<group>"; };
		E08731D5251D20D6008D696F /* SceneDelegate.swift */ = {isa = PBXFileReference; lastKnownFileType = sourcecode.swift; path = SceneDelegate.swift; sourceTree = "<group>"; };
		E08731DC251D20D8008D696F /* Assets.xcassets */ = {isa = PBXFileReference; lastKnownFileType = folder.assetcatalog; path = Assets.xcassets; sourceTree = "<group>"; };
		E08731DF251D20D8008D696F /* Preview Assets.xcassets */ = {isa = PBXFileReference; lastKnownFileType = folder.assetcatalog; path = "Preview Assets.xcassets"; sourceTree = "<group>"; };
		E08731E2251D20D8008D696F /* Base */ = {isa = PBXFileReference; lastKnownFileType = file.storyboard; name = Base; path = Base.lproj/LaunchScreen.storyboard; sourceTree = "<group>"; };
		E08731E4251D20D8008D696F /* Info.plist */ = {isa = PBXFileReference; lastKnownFileType = text.plist.xml; path = Info.plist; sourceTree = "<group>"; };
		E0B19A28252F58B000C935D1 /* ModelManager.swift */ = {isa = PBXFileReference; lastKnownFileType = sourcecode.swift; path = ModelManager.swift; sourceTree = "<group>"; };
		E0B19A2A253604DA00C935D1 /* NetworkManager.swift */ = {isa = PBXFileReference; lastKnownFileType = sourcecode.swift; path = NetworkManager.swift; sourceTree = "<group>"; };
		E0B19A2C2537665A00C935D1 /* MarvelService.swift */ = {isa = PBXFileReference; lastKnownFileType = sourcecode.swift; path = MarvelService.swift; sourceTree = "<group>"; };
		E0B19A2E25376C5100C935D1 /* APIHelper.swift */ = {isa = PBXFileReference; lastKnownFileType = sourcecode.swift; path = APIHelper.swift; sourceTree = "<group>"; };
		E0B19A31253895D500C935D1 /* MarvelModel.xcdatamodel */ = {isa = PBXFileReference; lastKnownFileType = wrapper.xcdatamodel; path = MarvelModel.xcdatamodel; sourceTree = "<group>"; };
		E0B19A332538996100C935D1 /* MarvelResponseViewModel.swift */ = {isa = PBXFileReference; lastKnownFileType = sourcecode.swift; path = MarvelResponseViewModel.swift; sourceTree = "<group>"; };
		E0B19A352538998400C935D1 /* MarvelViewController.swift */ = {isa = PBXFileReference; lastKnownFileType = sourcecode.swift; path = MarvelViewController.swift; sourceTree = "<group>"; };
		E0B19A372538C1EA00C935D1 /* APIHelper.swift */ = {isa = PBXFileReference; lastKnownFileType = sourcecode.swift; path = APIHelper.swift; sourceTree = "<group>"; };
/* End PBXFileReference section */

/* Begin PBXFrameworksBuildPhase section */
		E08731CD251D20D6008D696F /* Frameworks */ = {
			isa = PBXFrameworksBuildPhase;
			buildActionMask = 2147483647;
			files = (
				58FC228FFCDC80664AC39103 /* Pods_Sample_App.framework in Frameworks */,
			);
			runOnlyForDeploymentPostprocessing = 0;
		};
/* End PBXFrameworksBuildPhase section */

/* Begin PBXGroup section */
		4DD852E97E7CE8CFDFB20EB2 /* Pods */ = {
			isa = PBXGroup;
			children = (
				BFEE2FEFF7752B4A4038713A /* Pods-Sample-App.debug.xcconfig */,
				00A45010547044179F40E3C5 /* Pods-Sample-App.release.xcconfig */,
			);
			path = Pods;
			sourceTree = "<group>";
		};
		A4CF5F631E379A32A8E26F97 /* Frameworks */ = {
			isa = PBXGroup;
			children = (
				C7D68C1EC28969BF8C1FA495 /* Pods_Sample_App.framework */,
			);
			name = Frameworks;
			sourceTree = "<group>";
		};
		E08731C7251D20D6008D696F = {
			isa = PBXGroup;
			children = (
				E08731D2251D20D6008D696F /* Sample-App */,
				E08731D1251D20D6008D696F /* Products */,
				4DD852E97E7CE8CFDFB20EB2 /* Pods */,
				A4CF5F631E379A32A8E26F97 /* Frameworks */,
			);
			sourceTree = "<group>";
		};
		E08731D1251D20D6008D696F /* Products */ = {
			isa = PBXGroup;
			children = (
				E08731D0251D20D6008D696F /* Sample-App.app */,
			);
			name = Products;
			sourceTree = "<group>";
		};
		E08731D2251D20D6008D696F /* Sample-App */ = {
			isa = PBXGroup;
			children = (
				E08731D3251D20D6008D696F /* AppDelegate.swift */,
				E08731D5251D20D6008D696F /* SceneDelegate.swift */,
				E08731DC251D20D8008D696F /* Assets.xcassets */,
				E08731E1251D20D8008D696F /* LaunchScreen.storyboard */,
				E08731E4251D20D8008D696F /* Info.plist */,
				E08731DE251D20D8008D696F /* Preview Content */,
				E0B19A28252F58B000C935D1 /* ModelManager.swift */,
				E0B19A2A253604DA00C935D1 /* NetworkManager.swift */,
				E0B19A2C2537665A00C935D1 /* MarvelService.swift */,
				E0B19A2E25376C5100C935D1 /* APIHelper.swift */,
				E0B19A372538C1EA00C935D1 /* APIHelper.swift */,
				E0B19A30253895D500C935D1 /* MarvelModel.xcdatamodeld */,
				E0B19A332538996100C935D1 /* MarvelResponseViewModel.swift */,
				E0B19A352538998400C935D1 /* MarvelViewController.swift */,
			);
			path = "Sample-App";
			sourceTree = "<group>";
		};
		E08731DE251D20D8008D696F /* Preview Content */ = {
			isa = PBXGroup;
			children = (
				E08731DF251D20D8008D696F /* Preview Assets.xcassets */,
			);
			path = "Preview Content";
			sourceTree = "<group>";
		};
/* End PBXGroup section */

/* Begin PBXNativeTarget section */
		E08731CF251D20D6008D696F /* Sample-App */ = {
			isa = PBXNativeTarget;
			buildConfigurationList = E08731E7251D20D8008D696F /* Build configuration list for PBXNativeTarget "Sample-App" */;
			buildPhases = (
				13B389C8E6B903F6C28AA176 /* [CP] Check Pods Manifest.lock */,
				E08731CC251D20D6008D696F /* Sources */,
				E08731CD251D20D6008D696F /* Frameworks */,
				E08731CE251D20D6008D696F /* Resources */,
				E155A3051DF8F82C11D89FAB /* [CP] Embed Pods Frameworks */,
			);
			buildRules = (
			);
			dependencies = (
			);
			name = "Sample-App";
			productName = "Sample-App";
			productReference = E08731D0251D20D6008D696F /* Sample-App.app */;
			productType = "com.apple.product-type.application";
		};
/* End PBXNativeTarget section */

/* Begin PBXProject section */
		E08731C8251D20D6008D696F /* Project object */ = {
			isa = PBXProject;
			attributes = {
				LastSwiftUpdateCheck = 1170;
				LastUpgradeCheck = 1170;
				ORGANIZATIONNAME = "Jake King";
				TargetAttributes = {
					E08731CF251D20D6008D696F = {
						CreatedOnToolsVersion = 11.7;
					};
				};
			};
			buildConfigurationList = E08731CB251D20D6008D696F /* Build configuration list for PBXProject "Sample-App" */;
			compatibilityVersion = "Xcode 9.3";
			developmentRegion = en;
			hasScannedForEncodings = 0;
			knownRegions = (
				en,
				Base,
			);
			mainGroup = E08731C7251D20D6008D696F;
			productRefGroup = E08731D1251D20D6008D696F /* Products */;
			projectDirPath = "";
			projectRoot = "";
			targets = (
				E08731CF251D20D6008D696F /* Sample-App */,
			);
		};
/* End PBXProject section */

/* Begin PBXResourcesBuildPhase section */
		E08731CE251D20D6008D696F /* Resources */ = {
			isa = PBXResourcesBuildPhase;
			buildActionMask = 2147483647;
			files = (
				E08731E3251D20D8008D696F /* LaunchScreen.storyboard in Resources */,
				E08731E0251D20D8008D696F /* Preview Assets.xcassets in Resources */,
				E08731DD251D20D8008D696F /* Assets.xcassets in Resources */,
			);
			runOnlyForDeploymentPostprocessing = 0;
		};
/* End PBXResourcesBuildPhase section */

/* Begin PBXShellScriptBuildPhase section */
		13B389C8E6B903F6C28AA176 /* [CP] Check Pods Manifest.lock */ = {
			isa = PBXShellScriptBuildPhase;
			buildActionMask = 2147483647;
			files = (
			);
			inputFileListPaths = (
			);
			inputPaths = (
				"${PODS_PODFILE_DIR_PATH}/Podfile.lock",
				"${PODS_ROOT}/Manifest.lock",
			);
			name = "[CP] Check Pods Manifest.lock";
			outputFileListPaths = (
			);
			outputPaths = (
				"$(DERIVED_FILE_DIR)/Pods-Sample-App-checkManifestLockResult.txt",
			);
			runOnlyForDeploymentPostprocessing = 0;
			shellPath = /bin/sh;
			shellScript = "diff \"${PODS_PODFILE_DIR_PATH}/Podfile.lock\" \"${PODS_ROOT}/Manifest.lock\" > /dev/null\nif [ $? != 0 ] ; then\n    # print error to STDERR\n    echo \"error: The sandbox is not in sync with the Podfile.lock. Run 'pod install' or update your CocoaPods installation.\" >&2\n    exit 1\nfi\n# This output is used by Xcode 'outputs' to avoid re-running this script phase.\necho \"SUCCESS\" > \"${SCRIPT_OUTPUT_FILE_0}\"\n";
			showEnvVarsInLog = 0;
		};
		E155A3051DF8F82C11D89FAB /* [CP] Embed Pods Frameworks */ = {
			isa = PBXShellScriptBuildPhase;
			buildActionMask = 2147483647;
			files = (
			);
			inputFileListPaths = (
				"${PODS_ROOT}/Target Support Files/Pods-Sample-App/Pods-Sample-App-frameworks-${CONFIGURATION}-input-files.xcfilelist",
			);
			name = "[CP] Embed Pods Frameworks";
			outputFileListPaths = (
				"${PODS_ROOT}/Target Support Files/Pods-Sample-App/Pods-Sample-App-frameworks-${CONFIGURATION}-output-files.xcfilelist",
			);
			runOnlyForDeploymentPostprocessing = 0;
			shellPath = /bin/sh;
			shellScript = "\"${PODS_ROOT}/Target Support Files/Pods-Sample-App/Pods-Sample-App-frameworks.sh\"\n";
			showEnvVarsInLog = 0;
		};
/* End PBXShellScriptBuildPhase section */

/* Begin PBXSourcesBuildPhase section */
		E08731CC251D20D6008D696F /* Sources */ = {
			isa = PBXSourcesBuildPhase;
			buildActionMask = 2147483647;
			files = (
				E0B19A2B253604DA00C935D1 /* NetworkManager.swift in Sources */,
				E08731D4251D20D6008D696F /* AppDelegate.swift in Sources */,
				E0B19A29252F58B000C935D1 /* ModelManager.swift in Sources */,
				E0B19A362538998400C935D1 /* MarvelViewController.swift in Sources */,
				E0B19A342538996100C935D1 /* MarvelResponseViewModel.swift in Sources */,
				E0B19A32253895D500C935D1 /* MarvelModel.xcdatamodeld in Sources */,
				E0B19A2D2537665A00C935D1 /* MarvelService.swift in Sources */,
				E0B19A2F25376C5100C935D1 /* APIHelper.swift in Sources */,
				E0B19A382538C1EA00C935D1 /* APIHelper.swift in Sources */,
				E08731D6251D20D6008D696F /* SceneDelegate.swift in Sources */,
			);
			runOnlyForDeploymentPostprocessing = 0;
		};
/* End PBXSourcesBuildPhase section */

/* Begin PBXVariantGroup section */
		E08731E1251D20D8008D696F /* LaunchScreen.storyboard */ = {
			isa = PBXVariantGroup;
			children = (
				E08731E2251D20D8008D696F /* Base */,
			);
			name = LaunchScreen.storyboard;
			sourceTree = "<group>";
		};
/* End PBXVariantGroup section */

/* Begin XCBuildConfiguration section */
		E08731E5251D20D8008D696F /* Debug */ = {
			isa = XCBuildConfiguration;
			buildSettings = {
				ALWAYS_SEARCH_USER_PATHS = NO;
				CLANG_ANALYZER_NONNULL = YES;
				CLANG_ANALYZER_NUMBER_OBJECT_CONVERSION = YES_AGGRESSIVE;
				CLANG_CXX_LANGUAGE_STANDARD = "gnu++14";
				CLANG_CXX_LIBRARY = "libc++";
				CLANG_ENABLE_MODULES = YES;
				CLANG_ENABLE_OBJC_ARC = YES;
				CLANG_ENABLE_OBJC_WEAK = YES;
				CLANG_WARN_BLOCK_CAPTURE_AUTORELEASING = YES;
				CLANG_WARN_BOOL_CONVERSION = YES;
				CLANG_WARN_COMMA = YES;
				CLANG_WARN_CONSTANT_CONVERSION = YES;
				CLANG_WARN_DEPRECATED_OBJC_IMPLEMENTATIONS = YES;
				CLANG_WARN_DIRECT_OBJC_ISA_USAGE = YES_ERROR;
				CLANG_WARN_DOCUMENTATION_COMMENTS = YES;
				CLANG_WARN_EMPTY_BODY = YES;
				CLANG_WARN_ENUM_CONVERSION = YES;
				CLANG_WARN_INFINITE_RECURSION = YES;
				CLANG_WARN_INT_CONVERSION = YES;
				CLANG_WARN_NON_LITERAL_NULL_CONVERSION = YES;
				CLANG_WARN_OBJC_IMPLICIT_RETAIN_SELF = YES;
				CLANG_WARN_OBJC_LITERAL_CONVERSION = YES;
				CLANG_WARN_OBJC_ROOT_CLASS = YES_ERROR;
				CLANG_WARN_RANGE_LOOP_ANALYSIS = YES;
				CLANG_WARN_STRICT_PROTOTYPES = YES;
				CLANG_WARN_SUSPICIOUS_MOVE = YES;
				CLANG_WARN_UNGUARDED_AVAILABILITY = YES_AGGRESSIVE;
				CLANG_WARN_UNREACHABLE_CODE = YES;
				CLANG_WARN__DUPLICATE_METHOD_MATCH = YES;
				COPY_PHASE_STRIP = NO;
				DEBUG_INFORMATION_FORMAT = dwarf;
				ENABLE_STRICT_OBJC_MSGSEND = YES;
				ENABLE_TESTABILITY = YES;
				GCC_C_LANGUAGE_STANDARD = gnu11;
				GCC_DYNAMIC_NO_PIC = NO;
				GCC_NO_COMMON_BLOCKS = YES;
				GCC_OPTIMIZATION_LEVEL = 0;
				GCC_PREPROCESSOR_DEFINITIONS = (
					"DEBUG=1",
					"$(inherited)",
				);
				GCC_WARN_64_TO_32_BIT_CONVERSION = YES;
				GCC_WARN_ABOUT_RETURN_TYPE = YES_ERROR;
				GCC_WARN_UNDECLARED_SELECTOR = YES;
				GCC_WARN_UNINITIALIZED_AUTOS = YES_AGGRESSIVE;
				GCC_WARN_UNUSED_FUNCTION = YES;
				GCC_WARN_UNUSED_VARIABLE = YES;
				IPHONEOS_DEPLOYMENT_TARGET = 13.7;
				MTL_ENABLE_DEBUG_INFO = INCLUDE_SOURCE;
				MTL_FAST_MATH = YES;
				ONLY_ACTIVE_ARCH = YES;
				SDKROOT = iphoneos;
				SWIFT_ACTIVE_COMPILATION_CONDITIONS = DEBUG;
				SWIFT_OPTIMIZATION_LEVEL = "-Onone";
			};
			name = Debug;
		};
		E08731E6251D20D8008D696F /* Release */ = {
			isa = XCBuildConfiguration;
			buildSettings = {
				ALWAYS_SEARCH_USER_PATHS = NO;
				CLANG_ANALYZER_NONNULL = YES;
				CLANG_ANALYZER_NUMBER_OBJECT_CONVERSION = YES_AGGRESSIVE;
				CLANG_CXX_LANGUAGE_STANDARD = "gnu++14";
				CLANG_CXX_LIBRARY = "libc++";
				CLANG_ENABLE_MODULES = YES;
				CLANG_ENABLE_OBJC_ARC = YES;
				CLANG_ENABLE_OBJC_WEAK = YES;
				CLANG_WARN_BLOCK_CAPTURE_AUTORELEASING = YES;
				CLANG_WARN_BOOL_CONVERSION = YES;
				CLANG_WARN_COMMA = YES;
				CLANG_WARN_CONSTANT_CONVERSION = YES;
				CLANG_WARN_DEPRECATED_OBJC_IMPLEMENTATIONS = YES;
				CLANG_WARN_DIRECT_OBJC_ISA_USAGE = YES_ERROR;
				CLANG_WARN_DOCUMENTATION_COMMENTS = YES;
				CLANG_WARN_EMPTY_BODY = YES;
				CLANG_WARN_ENUM_CONVERSION = YES;
				CLANG_WARN_INFINITE_RECURSION = YES;
				CLANG_WARN_INT_CONVERSION = YES;
				CLANG_WARN_NON_LITERAL_NULL_CONVERSION = YES;
				CLANG_WARN_OBJC_IMPLICIT_RETAIN_SELF = YES;
				CLANG_WARN_OBJC_LITERAL_CONVERSION = YES;
				CLANG_WARN_OBJC_ROOT_CLASS = YES_ERROR;
				CLANG_WARN_RANGE_LOOP_ANALYSIS = YES;
				CLANG_WARN_STRICT_PROTOTYPES = YES;
				CLANG_WARN_SUSPICIOUS_MOVE = YES;
				CLANG_WARN_UNGUARDED_AVAILABILITY = YES_AGGRESSIVE;
				CLANG_WARN_UNREACHABLE_CODE = YES;
				CLANG_WARN__DUPLICATE_METHOD_MATCH = YES;
				COPY_PHASE_STRIP = NO;
				DEBUG_INFORMATION_FORMAT = "dwarf-with-dsym";
				ENABLE_NS_ASSERTIONS = NO;
				ENABLE_STRICT_OBJC_MSGSEND = YES;
				GCC_C_LANGUAGE_STANDARD = gnu11;
				GCC_NO_COMMON_BLOCKS = YES;
				GCC_WARN_64_TO_32_BIT_CONVERSION = YES;
				GCC_WARN_ABOUT_RETURN_TYPE = YES_ERROR;
				GCC_WARN_UNDECLARED_SELECTOR = YES;
				GCC_WARN_UNINITIALIZED_AUTOS = YES_AGGRESSIVE;
				GCC_WARN_UNUSED_FUNCTION = YES;
				GCC_WARN_UNUSED_VARIABLE = YES;
				IPHONEOS_DEPLOYMENT_TARGET = 13.7;
				MTL_ENABLE_DEBUG_INFO = NO;
				MTL_FAST_MATH = YES;
				SDKROOT = iphoneos;
				SWIFT_COMPILATION_MODE = wholemodule;
				SWIFT_OPTIMIZATION_LEVEL = "-O";
				VALIDATE_PRODUCT = YES;
			};
			name = Release;
		};
		E08731E8251D20D8008D696F /* Debug */ = {
			isa = XCBuildConfiguration;
			baseConfigurationReference = BFEE2FEFF7752B4A4038713A /* Pods-Sample-App.debug.xcconfig */;
			buildSettings = {
				ASSETCATALOG_COMPILER_APPICON_NAME = AppIcon;
				CODE_SIGN_STYLE = Automatic;
				DEVELOPMENT_ASSET_PATHS = "\"Sample-App/Preview Content\"";
				ENABLE_PREVIEWS = YES;
				INFOPLIST_FILE = "Sample-App/Info.plist";
				LD_RUNPATH_SEARCH_PATHS = (
					"$(inherited)",
					"@executable_path/Frameworks",
				);
				PRODUCT_BUNDLE_IDENTIFIER = "sporttrade.Sample-App";
				PRODUCT_NAME = "$(TARGET_NAME)";
				SWIFT_VERSION = 5.0;
				TARGETED_DEVICE_FAMILY = "1,2";
			};
			name = Debug;
		};
		E08731E9251D20D8008D696F /* Release */ = {
			isa = XCBuildConfiguration;
			baseConfigurationReference = 00A45010547044179F40E3C5 /* Pods-Sample-App.release.xcconfig */;
			buildSettings = {
				ASSETCATALOG_COMPILER_APPICON_NAME = AppIcon;
				CODE_SIGN_STYLE = Automatic;
				DEVELOPMENT_ASSET_PATHS = "\"Sample-App/Preview Content\"";
				ENABLE_PREVIEWS = YES;
				INFOPLIST_FILE = "Sample-App/Info.plist";
				LD_RUNPATH_SEARCH_PATHS = (
					"$(inherited)",
					"@executable_path/Frameworks",
				);
				PRODUCT_BUNDLE_IDENTIFIER = "sporttrade.Sample-App";
				PRODUCT_NAME = "$(TARGET_NAME)";
				SWIFT_VERSION = 5.0;
				TARGETED_DEVICE_FAMILY = "1,2";
			};
			name = Release;
		};
/* End XCBuildConfiguration section */

/* Begin XCConfigurationList section */
		E08731CB251D20D6008D696F /* Build configuration list for PBXProject "Sample-App" */ = {
			isa = XCConfigurationList;
			buildConfigurations = (
				E08731E5251D20D8008D696F /* Debug */,
				E08731E6251D20D8008D696F /* Release */,
			);
			defaultConfigurationIsVisible = 0;
			defaultConfigurationName = Release;
		};
		E08731E7251D20D8008D696F /* Build configuration list for PBXNativeTarget "Sample-App" */ = {
			isa = XCConfigurationList;
			buildConfigurations = (
				E08731E8251D20D8008D696F /* Debug */,
				E08731E9251D20D8008D696F /* Release */,
			);
			defaultConfigurationIsVisible = 0;
			defaultConfigurationName = Release;
		};
/* End XCConfigurationList section */

/* Begin XCVersionGroup section */
		E0B19A30253895D500C935D1 /* MarvelModel.xcdatamodeld */ = {
			isa = XCVersionGroup;
			children = (
				E0B19A31253895D500C935D1 /* MarvelModel.xcdatamodel */,
			);
			currentVersion = E0B19A31253895D500C935D1 /* MarvelModel.xcdatamodel */;
			path = MarvelModel.xcdatamodeld;
			sourceTree = "<group>";
			versionGroupType = wrapper.xcdatamodel;
		};
/* End XCVersionGroup section */
	};
	rootObject = E08731C8251D20D6008D696F /* Project object */;
}
